
Microsoft Visual Studio Solution File, Format Version 12.00
# Visual Studio Version 16
VisualStudioVersion = 16.0.31729.503
MinimumVisualStudioVersion = 10.0.40219.1
Project("{FAE04EC0-301F-11D3-BF4B-00C04F79EFBC}") = "Arrays1", "Arrays1\Arrays1.csproj", "{328724C2-D1BA-46FF-B9DF-E0255C3642BB}"
EndProject
Project("{FAE04EC0-301F-11D3-BF4B-00C04F79EFBC}") = "Arrays2", "Arrays2\Arrays2.csproj", "{61B3799A-DC50-4B34-99BA-BE70E0CA0543}"
EndProject
Project("{FAE04EC0-301F-11D3-BF4B-00C04F79EFBC}") = "Arrays3", "Arrays3\Arrays3.csproj", "{E275D35D-B553-49C6-B7C6-E1E8B76C9DAE}"
EndProject
Project("{FAE04EC0-301F-11D3-BF4B-00C04F79EFBC}") = "Arrays4", "Arrays4\Arrays4.csproj", "{E8CD03B2-0C47-420C-BDC1-FE1200C326F6}"
EndProject
Project("{FAE04EC0-301F-11D3-BF4B-00C04F79EFBC}") = "ArrayOrnek", "ArrayOrnek\ArrayOrnek.csproj", "{5FFB1D30-7D73-4181-B9DD-58C25882644A}"
EndProject
Project("{FAE04EC0-301F-11D3-BF4B-00C04F79EFBC}") = "Arrays5", "Arrays5\Arrays5.csproj", "{A7FA0D15-0638-400B-9BCE-0B84005D5872}"
EndProject
Global
	GlobalSection(SolutionConfigurationPlatforms) = preSolution
		Debug|Any CPU = Debug|Any CPU
		Release|Any CPU = Release|Any CPU
	EndGlobalSection
	GlobalSection(ProjectConfigurationPlatforms) = postSolution
		{328724C2-D1BA-46FF-B9DF-E0255C3642BB}.Debug|Any CPU.ActiveCfg = Debug|Any CPU
		{328724C2-D1BA-46FF-B9DF-E0255C3642BB}.Debug|Any CPU.Build.0 = Debug|Any CPU
		{328724C2-D1BA-46FF-B9DF-E0255C3642BB}.Release|Any CPU.ActiveCfg = Release|Any CPU
		{328724C2-D1BA-46FF-B9DF-E0255C3642BB}.Release|Any CPU.Build.0 = Release|Any CPU
		{61B3799A-DC50-4B34-99BA-BE70E0CA0543}.Debug|Any CPU.ActiveCfg = Debug|Any CPU
		{61B3799A-DC50-4B34-99BA-BE70E0CA0543}.Debug|Any CPU.Build.0 = Debug|Any CPU
		{61B3799A-DC50-4B34-99BA-BE70E0CA0543}.Release|Any CPU.ActiveCfg = Release|Any CPU
		{61B3799A-DC50-4B34-99BA-BE70E0CA0543}.Release|Any CPU.Build.0 = Release|Any CPU
		{E275D35D-B553-49C6-B7C6-E1E8B76C9DAE}.Debug|Any CPU.ActiveCfg = Debug|Any CPU
		{E275D35D-B553-49C6-B7C6-E1E8B76C9DAE}.Debug|Any CPU.Build.0 = Debug|Any CPU
		{E275D35D-B553-49C6-B7C6-E1E8B76C9DAE}.Release|Any CPU.ActiveCfg = Release|Any CPU
		{E275D35D-B553-49C6-B7C6-E1E8B76C9DAE}.Release|Any CPU.Build.0 = Release|Any CPU
		{E8CD03B2-0C47-420C-BDC1-FE1200C326F6}.Debug|Any CPU.ActiveCfg = Debug|Any CPU
		{E8CD03B2-0C47-420C-BDC1-FE1200C326F6}.Debug|Any CPU.Build.0 = Debug|Any CPU
		{E8CD03B2-0C47-420C-BDC1-FE1200C326F6}.Release|Any CPU.ActiveCfg = Release|Any CPU
		{E8CD03B2-0C47-420C-BDC1-FE1200C326F6}.Release|Any CPU.Build.0 = Release|Any CPU
		{5FFB1D30-7D73-4181-B9DD-58C25882644A}.Debug|Any CPU.ActiveCfg = Debug|Any CPU
		{5FFB1D30-7D73-4181-B9DD-58C25882644A}.Debug|Any CPU.Build.0 = Debug|Any CPU
		{5FFB1D30-7D73-4181-B9DD-58C25882644A}.Release|Any CPU.ActiveCfg = Release|Any CPU
		{5FFB1D30-7D73-4181-B9DD-58C25882644A}.Release|Any CPU.Build.0 = Release|Any CPU
		{A7FA0D15-0638-400B-9BCE-0B84005D5872}.Debug|Any CPU.ActiveCfg = Debug|Any CPU
		{A7FA0D15-0638-400B-9BCE-0B84005D5872}.Debug|Any CPU.Build.0 = Debug|Any CPU
		{A7FA0D15-0638-400B-9BCE-0B84005D5872}.Release|Any CPU.ActiveCfg = Release|Any CPU
		{A7FA0D15-0638-400B-9BCE-0B84005D5872}.Release|Any CPU.Build.0 = Release|Any CPU
	EndGlobalSection
	GlobalSection(SolutionProperties) = preSolution
		HideSolutionNode = FALSE
	EndGlobalSection
	GlobalSection(ExtensibilityGlobals) = postSolution
		SolutionGuid = {04E8971B-2B9E-4AE9-B6EB-79026F02A740}
	EndGlobalSection
EndGlobal
